{
  "nodes": {
    "nixpkgs": {
      "locked": {
        "lastModified": 1768571051,
        "narHash": "sha256-BKah+ebcZu6GNPan/wwXmPoE93ctPMW4BHIiqjlem9U=",
        "owner": "NixOS",
        "repo": "nixpkgs",
        "rev": "8e13ad6266acf92aa1c61d006f51a30c53d43851",
        "type": "github"
      },
      "original": {
        "owner": "NixOS",
        "repo": "nixpkgs",
        "rev": "8e13ad6266acf92aa1c61d006f51a30c53d43851",
        "type": "github"
      }
    },
    "root": {
      "inputs": {
        "nixpkgs": "nixpkgs"
      }
    }
  },
  "root": "root",
  "version": 7
}
