{
  "nodes": {
    "nixpkgs": {
      "locked": {
        "lastModified": 1779471470,
        "narHash": "sha256-9QiZoGJ+UsSr1eziKYHeHqHWm3wbdN8b2E5c1pUlqMo=",
        "owner": "NixOS",
        "repo": "nixpkgs",
        "rev": "bc1029c8f48fb839dd9343ef9e4e8d74e439eb3f",
        "type": "github"
      },
      "original": {
        "owner": "NixOS",
        "ref": "master",
        "repo": "nixpkgs",
        "type": "github"
      }
    },
    "root": {
      "inputs": {
        "nixpkgs": "nixpkgs"
      }
    }
  },
  "root": "root",
  "version": 7
}
